// !$*UTF8*$!
{
	archiveVersion = 1;
	classes = {
	};
	objectVersion = 77;
	objects = {

/* Begin PBXBuildFile section */
		3EF0ACF92F20DC0D007C4E98 /* SafeDI in Frameworks */ = {isa = PBXBuildFile; productRef = 3EF0ACF82F20DC0D007C4E98 /* SafeDI */; };
		3EF0ACFB2F20DC0D007C4E98 /* SafeDITool in Frameworks */ = {isa = PBXBuildFile; productRef = 3EF0ACFA2F20DC0D007C4E98 /* SafeDITool */; };
/* End PBXBuildFile section */

/* Begin PBXContainerItemProxy section */
		3EF0AB6B2F1CEC9B007C4E98 /* PBXContainerItemProxy */ = {
			isa = PBXContainerItemProxy;
			containerPortal = 3E22B9C42F13A0F700BF32A1 /* Project object */;
			proxyType = 1;
			remoteGlobalIDString = 3E22B9CB2F13A0F700BF32A1;
			remoteInfo = MovieTracker;
		};
/* End PBXContainerItemProxy section */

/* Begin PBXFileReference section */
		3E22B9CC2F13A0F700BF32A1 /* MovieTracker.app */ = {isa = PBXFileReference; explicitFileType = wrapper.application; includeInIndex = 0; path = MovieTracker.app; sourceTree = BUILT_PRODUCTS_DIR; };
		3EF0AB672F1CEC9B007C4E98 /* MovieTrackerTests.xctest */ = {isa = PBXFileReference; explicitFileType = wrapper.cfbundle; includeInIndex = 0; path = MovieTrackerTests.xctest; sourceTree = BUILT_PRODUCTS_DIR; };
/* End PBXFileReference section */

/* Begin PBXFileSystemSynchronizedRootGroup section */
		3E22B9CE2F13A0F700BF32A1 /* MovieTracker */ = {
			isa = PBXFileSystemSynchronizedRootGroup;
			path = MovieTracker;
			sourceTree = "<group>";
		};
		3EF0AB682F1CEC9B007C4E98 /* MovieTrackerTests */ = {
			isa = PBXFileSystemSynchronizedRootGroup;
			path = MovieTrackerTests;
			sourceTree = "<group>";
		};
/* End PBXFileSystemSynchronizedRootGroup section */

/* Begin PBXFrameworksBuildPhase section */
		3E22B9C92F13A0F700BF32A1 /* Frameworks */ = {
			isa = PBXFrameworksBuildPhase;
			buildActionMask = 2147483647;
			files = (
				3EF0ACFB2F20DC0D007C4E98 /* SafeDITool in Frameworks */,
				3EF0ACF92F20DC0D007C4E98 /* SafeDI in Frameworks */,
			);
			runOnlyForDeploymentPostprocessing = 0;
		};
		3EF0AB642F1CEC9B007C4E98 /* Frameworks */ = {
			isa = PBXFrameworksBuildPhase;
			buildActionMask = 2147483647;
			files = (
			);
			runOnlyForDeploymentPostprocessing = 0;
		};
/* End PBXFrameworksBuildPhase section */

/* Begin PBXGroup section */
		3E22B9C32F13A0F700BF32A1 = {
			isa = PBXGroup;
			children = (
				3E22B9CE2F13A0F700BF32A1 /* MovieTracker */,
				3EF0AB682F1CEC9B007C4E98 /* MovieTrackerTests */,
				3E22B9CD2F13A0F700BF32A1 /* Products */,
			);
			sourceTree = "<group>";
		};
		3E22B9CD2F13A0F700BF32A1 /* Products */ = {
			isa = PBXGroup;
			children = (
				3E22B9CC2F13A0F700BF32A1 /* MovieTracker.app */,
				3EF0AB672F1CEC9B007C4E98 /* MovieTrackerTests.xctest */,
			);
			name = Products;
			sourceTree = "<group>";
		};
/* End PBXGroup section */

/* Begin PBXNativeTarget section */
		3E22B9CB2F13A0F700BF32A1 /* MovieTracker */ = {
			isa = PBXNativeTarget;
			buildConfigurationList = 3E22B9D92F13A0F800BF32A1 /* Build configuration list for PBXNativeTarget "MovieTracker" */;
			buildPhases = (
				3E22B9C82F13A0F700BF32A1 /* Sources */,
				3E22B9C92F13A0F700BF32A1 /* Frameworks */,
				3E22B9CA2F13A0F700BF32A1 /* Resources */,
			);
			buildRules = (
			);
			dependencies = (
				3EF0ACFD2F20DC91007C4E98 /* PBXTargetDependency */,
			);
			fileSystemSynchronizedGroups = (
				3E22B9CE2F13A0F700BF32A1 /* MovieTracker */,
			);
			name = MovieTracker;
			packageProductDependencies = (
				3EF0ACF82F20DC0D007C4E98 /* SafeDI */,
				3EF0ACFA2F20DC0D007C4E98 /* SafeDITool */,
			);
			productName = MovieTracker;
			productReference = 3E22B9CC2F13A0F700BF32A1 /* MovieTracker.app */;
			productType = "com.apple.product-type.application";
		};
		3EF0AB662F1CEC9B007C4E98 /* MovieTrackerTests */ = {
			isa = PBXNativeTarget;
			buildConfigurationList = 3EF0AB6D2F1CEC9B007C4E98 /* Build configuration list for PBXNativeTarget "MovieTrackerTests" */;
			buildPhases = (
				3EF0AB632F1CEC9B007C4E98 /* Sources */,
				3EF0AB642F1CEC9B007C4E98 /* Frameworks */,
				3EF0AB652F1CEC9B007C4E98 /* Resources */,
			);
			buildRules = (
			);
			dependencies = (
				3EF0AB6C2F1CEC9B007C4E98 /* PBXTargetDependency */,
			);
			fileSystemSynchronizedGroups = (
				3EF0AB682F1CEC9B007C4E98 /* MovieTrackerTests */,
			);
			name = MovieTrackerTests;
			packageProductDependencies = (
			);
			productName = MovieTrackerTests;
			productReference = 3EF0AB672F1CEC9B007C4E98 /* MovieTrackerTests.xctest */;
			productType = "com.apple.product-type.bundle.unit-test";
		};
/* End PBXNativeTarget section */

/* Begin PBXProject section */
		3E22B9C42F13A0F700BF32A1 /* Project object */ = {
			isa = PBXProject;
			attributes = {
				BuildIndependentTargetsInParallel = 1;
				LastSwiftUpdateCheck = 2600;
				LastUpgradeCheck = 2600;
				TargetAttributes = {
					3E22B9CB2F13A0F700BF32A1 = {
						CreatedOnToolsVersion = 26.0.1;
					};
					3EF0AB662F1CEC9B007C4E98 = {
						CreatedOnToolsVersion = 26.0.1;
						TestTargetID = 3E22B9CB2F13A0F700BF32A1;
					};
				};
			};
			buildConfigurationList = 3E22B9C72F13A0F700BF32A1 /* Build configuration list for PBXProject "MovieTracker" */;
			developmentRegion = en;
			hasScannedForEncodings = 0;
			knownRegions = (
				en,
				Base,
			);
			mainGroup = 3E22B9C32F13A0F700BF32A1;
			minimizedProjectReferenceProxies = 1;
			packageReferences = (
				3EF0ACF72F20DC0D007C4E98 /* XCRemoteSwiftPackageReference "SafeDI" */,
			);
			preferredProjectObjectVersion = 77;
			productRefGroup = 3E22B9CD2F13A0F700BF32A1 /* Products */;
			projectDirPath = "";
			projectRoot = "";
			targets = (
				3E22B9CB2F13A0F700BF32A1 /* MovieTracker */,
				3EF0AB662F1CEC9B007C4E98 /* MovieTrackerTests */,
			);
		};
/* End PBXProject section */

/* Begin PBXResourcesBuildPhase section */
		3E22B9CA2F13A0F700BF32A1 /* Resources */ = {
			isa = PBXResourcesBuildPhase;
			buildActionMask = 2147483647;
			files = (
			);
			runOnlyForDeploymentPostprocessing = 0;
		};
		3EF0AB652F1CEC9B007C4E98 /* Resources */ = {
			isa = PBXResourcesBuildPhase;
			buildActionMask = 2147483647;
			files = (
			);
			runOnlyForDeploymentPostprocessing = 0;
		};
/* End PBXResourcesBuildPhase section */

/* Begin PBXSourcesBuildPhase section */
		3E22B9C82F13A0F700BF32A1 /* Sources */ = {
			isa = PBXSourcesBuildPhase;
			buildActionMask = 2147483647;
			files = (
			);
			runOnlyForDeploymentPostprocessing = 0;
		};
		3EF0AB632F1CEC9B007C4E98 /* Sources */ = {
			isa = PBXSourcesBuildPhase;
			buildActionMask = 2147483647;
			files = (
			);
			runOnlyForDeploymentPostprocessing = 0;
		};
/* End PBXSourcesBuildPhase section */

/* Begin PBXTargetDependency section */
		3EF0AB6C2F1CEC9B007C4E98 /* PBXTargetDependency */ = {
			isa = PBXTargetDependency;
			target = 3E22B9CB2F13A0F700BF32A1 /* MovieTracker */;
			targetProxy = 3EF0AB6B2F1CEC9B007C4E98 /* PBXContainerItemProxy */;
		};
		3EF0ACFD2F20DC91007C4E98 /* PBXTargetDependency */ = {
			isa = PBXTargetDependency;
			productRef = 3EF0ACFC2F20DC91007C4E98 /* SafeDIGenerator */;
		};
/* End PBXTargetDependency section */

/* Begin XCBuildConfiguration section */
		3E22B9D72F13A0F800BF32A1 /* Debug */ = {
			isa = XCBuildConfiguration;
			buildSettings = {
				ALWAYS_SEARCH_USER_PATHS = NO;
				ASSETCATALOG_COMPILER_GENERATE_SWIFT_ASSET_SYMBOL_EXTENSIONS = YES;
				CLANG_ANALYZER_NONNULL = YES;
				CLANG_ANALYZER_NUMBER_OBJECT_CONVERSION = YES_AGGRESSIVE;
				CLANG_CXX_LANGUAGE_STANDARD = "gnu++20";
				CLANG_ENABLE_MODULES = YES;
				CLANG_ENABLE_OBJC_ARC = YES;
				CLANG_ENABLE_OBJC_WEAK = YES;
				CLANG_WARN_BLOCK_CAPTURE_AUTORELEASING = YES;
				CLANG_WARN_BOOL_CONVERSION = YES;
				CLANG_WARN_COMMA = YES;
				CLANG_WARN_CONSTANT_CONVERSION = YES;
				CLANG_WARN_DEPRECATED_OBJC_IMPLEMENTATIONS = YES;
				CLANG_WARN_DIRECT_OBJC_ISA_USAGE = YES_ERROR;
				CLANG_WARN_DOCUMENTATION_COMMENTS = YES;
				CLANG_WARN_EMPTY_BODY = YES;
				CLANG_WARN_ENUM_CONVERSION = YES;
				CLANG_WARN_INFINITE_RECURSION = YES;
				CLANG_WARN_INT_CONVERSION = YES;
				CLANG_WARN_NON_LITERAL_NULL_CONVERSION = YES;
				CLANG_WARN_OBJC_IMPLICIT_RETAIN_SELF = YES;
				CLANG_WARN_OBJC_LITERAL_CONVERSION = YES;
				CLANG_WARN_OBJC_ROOT_CLASS = YES_ERROR;
				CLANG_WARN_QUOTED_INCLUDE_IN_FRAMEWORK_HEADER = YES;
				CLANG_WARN_RANGE_LOOP_ANALYSIS = YES;
				CLANG_WARN_STRICT_PROTOTYPES = YES;
				CLANG_WARN_SUSPICIOUS_MOVE = YES;
				CLANG_WARN_UNGUARDED_AVAILABILITY = YES_AGGRESSIVE;
				CLANG_WARN_UNREACHABLE_CODE = YES;
				CLANG_WARN__DUPLICATE_METHOD_MATCH = YES;
				COPY_PHASE_STRIP = NO;
				DEBUG_INFORMATION_FORMAT = dwarf;
				DEVELOPMENT_TEAM = 679K683SQ5;
				ENABLE_STRICT_OBJC_MSGSEND = YES;
				ENABLE_TESTABILITY = YES;
				ENABLE_USER_SCRIPT_SANDBOXING = YES;
				GCC_C_LANGUAGE_STANDARD = gnu17;
				GCC_DYNAMIC_NO_PIC = NO;
				GCC_NO_COMMON_BLOCKS = YES;
				GCC_OPTIMIZATION_LEVEL = 0;
				GCC_PREPROCESSOR_DEFINITIONS = (
					"DEBUG=1",
					"$(inherited)",
				);
				GCC_WARN_64_TO_32_BIT_CONVERSION = YES;
				GCC_WARN_ABOUT_RETURN_TYPE = YES_ERROR;
				GCC_WARN_UNDECLARED_SELECTOR = YES;
				GCC_WARN_UNINITIALIZED_AUTOS = YES_AGGRESSIVE;
				GCC_WARN_UNUSED_FUNCTION = YES;
				GCC_WARN_UNUSED_VARIABLE = YES;
				IPHONEOS_DEPLOYMENT_TARGET = 26.0;
				LOCALIZATION_PREFERS_STRING_CATALOGS = YES;
				MTL_ENABLE_DEBUG_INFO = INCLUDE_SOURCE;
				MTL_FAST_MATH = YES;
				ONLY_ACTIVE_ARCH = YES;
				SDKROOT = iphoneos;
				SWIFT_ACTIVE_COMPILATION_CONDITIONS = "DEBUG $(inherited)";
				SWIFT_OPTIMIZATION_LEVEL = "-Onone";
			};
			name = Debug;
		};
		3E22B9D82F13A0F800BF32A1 /* Release */ = {
			isa = XCBuildConfiguration;
			buildSettings = {
				ALWAYS_SEARCH_USER_PATHS = NO;
				ASSETCATALOG_COMPILER_GENERATE_SWIFT_ASSET_SYMBOL_EXTENSIONS = YES;
				CLANG_ANALYZER_NONNULL = YES;
				CLANG_ANALYZER_NUMBER_OBJECT_CONVERSION = YES_AGGRESSIVE;
				CLANG_CXX_LANGUAGE_STANDARD = "gnu++20";
				CLANG_ENABLE_MODULES = YES;
				CLANG_ENABLE_OBJC_ARC = YES;
				CLANG_ENABLE_OBJC_WEAK = YES;
				CLANG_WARN_BLOCK_CAPTURE_AUTORELEASING = YES;
				CLANG_WARN_BOOL_CONVERSION = YES;
				CLANG_WARN_COMMA = YES;
				CLANG_WARN_CONSTANT_CONVERSION = YES;
				CLANG_WARN_DEPRECATED_OBJC_IMPLEMENTATIONS = YES;
				CLANG_WARN_DIRECT_OBJC_ISA_USAGE = YES_ERROR;
				CLANG_WARN_DOCUMENTATION_COMMENTS = YES;
				CLANG_WARN_EMPTY_BODY = YES;
				CLANG_WARN_ENUM_CONVERSION = YES;
				CLANG_WARN_INFINITE_RECURSION = YES;
				CLANG_WARN_INT_CONVERSION = YES;
				CLANG_WARN_NON_LITERAL_NULL_CONVERSION = YES;
				CLANG_WARN_OBJC_IMPLICIT_RETAIN_SELF = YES;
				CLANG_WARN_OBJC_LITERAL_CONVERSION = YES;
				CLANG_WARN_OBJC_ROOT_CLASS = YES_ERROR;
				CLANG_WARN_QUOTED_INCLUDE_IN_FRAMEWORK_HEADER = YES;
				CLANG_WARN_RANGE_LOOP_ANALYSIS = YES;
				CLANG_WARN_STRICT_PROTOTYPES = YES;
				CLANG_WARN_SUSPICIOUS_MOVE = YES;
				CLANG_WARN_UNGUARDED_AVAILABILITY = YES_AGGRESSIVE;
				CLANG_WARN_UNREACHABLE_CODE = YES;
				CLANG_WARN__DUPLICATE_METHOD_MATCH = YES;
				COPY_PHASE_STRIP = NO;
				DEBUG_INFORMATION_FORMAT = "dwarf-with-dsym";
				DEVELOPMENT_TEAM = 679K683SQ5;
				ENABLE_NS_ASSERTIONS = NO;
				ENABLE_STRICT_OBJC_MSGSEND = YES;
				ENABLE_USER_SCRIPT_SANDBOXING = YES;
				GCC_C_LANGUAGE_STANDARD = gnu17;
				GCC_NO_COMMON_BLOCKS = YES;
				GCC_WARN_64_TO_32_BIT_CONVERSION = YES;
				GCC_WARN_ABOUT_RETURN_TYPE = YES_ERROR;
				GCC_WARN_UNDECLARED_SELECTOR = YES;
				GCC_WARN_UNINITIALIZED_AUTOS = YES_AGGRESSIVE;
				GCC_WARN_UNUSED_FUNCTION = YES;
				GCC_WARN_UNUSED_VARIABLE = YES;
				IPHONEOS_DEPLOYMENT_TARGET = 26.0;
				LOCALIZATION_PREFERS_STRING_CATALOGS = YES;
				MTL_ENABLE_DEBUG_INFO = NO;
				MTL_FAST_MATH = YES;
				SDKROOT = iphoneos;
				SWIFT_COMPILATION_MODE = wholemodule;
				VALIDATE_PRODUCT = YES;
			};
			name = Release;
		};
		3E22B9DA2F13A0F800BF32A1 /* Debug */ = {
			isa = XCBuildConfiguration;
			buildSettings = {
				ASSETCATALOG_COMPILER_APPICON_NAME = AppIcon;
				ASSETCATALOG_COMPILER_GLOBAL_ACCENT_COLOR_NAME = AccentColor;
				CODE_SIGN_STYLE = Automatic;
				CURRENT_PROJECT_VERSION = 1;
				DEVELOPMENT_TEAM = 679K683SQ5;
				ENABLE_PREVIEWS = YES;
				GENERATE_INFOPLIST_FILE = YES;
				INFOPLIST_KEY_UIApplicationSceneManifest_Generation = YES;
				INFOPLIST_KEY_UIApplicationSupportsIndirectInputEvents = YES;
				INFOPLIST_KEY_UILaunchScreen_Generation = YES;
				INFOPLIST_KEY_UISupportedInterfaceOrientations_iPad = "UIInterfaceOrientationPortrait UIInterfaceOrientationPortraitUpsideDown UIInterfaceOrientationLandscapeLeft UIInterfaceOrientationLandscapeRight";
				INFOPLIST_KEY_UISupportedInterfaceOrientations_iPhone = "UIInterfaceOrientationPortrait UIInterfaceOrientationLandscapeLeft UIInterfaceOrientationLandscapeRight";
				LD_RUNPATH_SEARCH_PATHS = (
					"$(inherited)",
					"@executable_path/Frameworks",
				);
				MARKETING_VERSION = 1.0;
				PRODUCT_BUNDLE_IDENTIFIER = com.tobiasfu.MovieTracker;
				PRODUCT_NAME = "$(TARGET_NAME)";
				STRING_CATALOG_GENERATE_SYMBOLS = YES;
				SWIFT_APPROACHABLE_CONCURRENCY = YES;
				SWIFT_DEFAULT_ACTOR_ISOLATION = MainActor;
				SWIFT_EMIT_LOC_STRINGS = YES;
				SWIFT_UPCOMING_FEATURE_MEMBER_IMPORT_VISIBILITY = YES;
				SWIFT_VERSION = 5.0;
				TARGETED_DEVICE_FAMILY = "1,2";
			};
			name = Debug;
		};
		3E22B9DB2F13A0F800BF32A1 /* Release */ = {
			isa = XCBuildConfiguration;
			buildSettings = {
				ASSETCATALOG_COMPILER_APPICON_NAME = AppIcon;
				ASSETCATALOG_COMPILER_GLOBAL_ACCENT_COLOR_NAME = AccentColor;
				CODE_SIGN_STYLE = Automatic;
				CURRENT_PROJECT_VERSION = 1;
				DEVELOPMENT_TEAM = 679K683SQ5;
				ENABLE_PREVIEWS = YES;
				GENERATE_INFOPLIST_FILE = YES;
				INFOPLIST_KEY_UIApplicationSceneManifest_Generation = YES;
				INFOPLIST_KEY_UIApplicationSupportsIndirectInputEvents = YES;
				INFOPLIST_KEY_UILaunchScreen_Generation = YES;
				INFOPLIST_KEY_UISupportedInterfaceOrientations_iPad = "UIInterfaceOrientationPortrait UIInterfaceOrientationPortraitUpsideDown UIInterfaceOrientationLandscapeLeft UIInterfaceOrientationLandscapeRight";
				INFOPLIST_KEY_UISupportedInterfaceOrientations_iPhone = "UIInterfaceOrientationPortrait UIInterfaceOrientationLandscapeLeft UIInterfaceOrientationLandscapeRight";
				LD_RUNPATH_SEARCH_PATHS = (
					"$(inherited)",
					"@executable_path/Frameworks",
				);
				MARKETING_VERSION = 1.0;
				PRODUCT_BUNDLE_IDENTIFIER = com.tobiasfu.MovieTracker;
				PRODUCT_NAME = "$(TARGET_NAME)";
				STRING_CATALOG_GENERATE_SYMBOLS = YES;
				SWIFT_APPROACHABLE_CONCURRENCY = YES;
				SWIFT_DEFAULT_ACTOR_ISOLATION = MainActor;
				SWIFT_EMIT_LOC_STRINGS = YES;
				SWIFT_UPCOMING_FEATURE_MEMBER_IMPORT_VISIBILITY = YES;
				SWIFT_VERSION = 5.0;
				TARGETED_DEVICE_FAMILY = "1,2";
			};
			name = Release;
		};
		3EF0AB6E2F1CEC9B007C4E98 /* Debug */ = {
			isa = XCBuildConfiguration;
			buildSettings = {
				BUNDLE_LOADER = "$(TEST_HOST)";
				CODE_SIGN_STYLE = Automatic;
				CURRENT_PROJECT_VERSION = 1;
				DEVELOPMENT_TEAM = 679K683SQ5;
				GENERATE_INFOPLIST_FILE = YES;
				IPHONEOS_DEPLOYMENT_TARGET = 26.0;
				MACOSX_DEPLOYMENT_TARGET = 26.0;
				MARKETING_VERSION = 1.0;
				PRODUCT_BUNDLE_IDENTIFIER = com.tobiasfu.MovieTrackerTests;
				PRODUCT_NAME = "$(TARGET_NAME)";
				SDKROOT = auto;
				STRING_CATALOG_GENERATE_SYMBOLS = NO;
				SUPPORTED_PLATFORMS = "iphoneos iphonesimulator macosx xros xrsimulator";
				SWIFT_APPROACHABLE_CONCURRENCY = YES;
				SWIFT_EMIT_LOC_STRINGS = NO;
				SWIFT_UPCOMING_FEATURE_MEMBER_IMPORT_VISIBILITY = YES;
				SWIFT_VERSION = 5.0;
				TARGETED_DEVICE_FAMILY = "1,2,7";
				TEST_HOST = "$(BUILT_PRODUCTS_DIR)/MovieTracker.app/$(BUNDLE_EXECUTABLE_FOLDER_PATH)/MovieTracker";
				XROS_DEPLOYMENT_TARGET = 26.0;
			};
			name = Debug;
		};
		3EF0AB6F2F1CEC9B007C4E98 /* Release */ = {
			isa = XCBuildConfiguration;
			buildSettings = {
				BUNDLE_LOADER = "$(TEST_HOST)";
				CODE_SIGN_STYLE = Automatic;
				CURRENT_PROJECT_VERSION = 1;
				DEVELOPMENT_TEAM = 679K683SQ5;
				GENERATE_INFOPLIST_FILE = YES;
				IPHONEOS_DEPLOYMENT_TARGET = 26.0;
				MACOSX_DEPLOYMENT_TARGET = 26.0;
				MARKETING_VERSION = 1.0;
				PRODUCT_BUNDLE_IDENTIFIER = com.tobiasfu.MovieTrackerTests;
				PRODUCT_NAME = "$(TARGET_NAME)";
				SDKROOT = auto;
				STRING_CATALOG_GENERATE_SYMBOLS = NO;
				SUPPORTED_PLATFORMS = "iphoneos iphonesimulator macosx xros xrsimulator";
				SWIFT_APPROACHABLE_CONCURRENCY = YES;
				SWIFT_EMIT_LOC_STRINGS = NO;
				SWIFT_UPCOMING_FEATURE_MEMBER_IMPORT_VISIBILITY = YES;
				SWIFT_VERSION = 5.0;
				TARGETED_DEVICE_FAMILY = "1,2,7";
				TEST_HOST = "$(BUILT_PRODUCTS_DIR)/MovieTracker.app/$(BUNDLE_EXECUTABLE_FOLDER_PATH)/MovieTracker";
				XROS_DEPLOYMENT_TARGET = 26.0;
			};
			name = Release;
		};
/* End XCBuildConfiguration section */

/* Begin XCConfigurationList section */
		3E22B9C72F13A0F700BF32A1 /* Build configuration list for PBXProject "MovieTracker" */ = {
			isa = XCConfigurationList;
			buildConfigurations = (
				3E22B9D72F13A0F800BF32A1 /* Debug */,
				3E22B9D82F13A0F800BF32A1 /* Release */,
			);
			defaultConfigurationIsVisible = 0;
			defaultConfigurationName = Release;
		};
		3E22B9D92F13A0F800BF32A1 /* Build configuration list for PBXNativeTarget "MovieTracker" */ = {
			isa = XCConfigurationList;
			buildConfigurations = (
				3E22B9DA2F13A0F800BF32A1 /* Debug */,
				3E22B9DB2F13A0F800BF32A1 /* Release */,
			);
			defaultConfigurationIsVisible = 0;
			defaultConfigurationName = Release;
		};
		3EF0AB6D2F1CEC9B007C4E98 /* Build configuration list for PBXNativeTarget "MovieTrackerTests" */ = {
			isa = XCConfigurationList;
			buildConfigurations = (
				3EF0AB6E2F1CEC9B007C4E98 /* Debug */,
				3EF0AB6F2F1CEC9B007C4E98 /* Release */,
			);
			defaultConfigurationIsVisible = 0;
			defaultConfigurationName = Release;
		};
/* End XCConfigurationList section */

/* Begin XCRemoteSwiftPackageReference section */
		3EF0ACF72F20DC0D007C4E98 /* XCRemoteSwiftPackageReference "SafeDI" */ = {
			isa = XCRemoteSwiftPackageReference;
			repositoryURL = "https://github.com/dfed/SafeDI.git";
			requirement = {
				kind = upToNextMajorVersion;
				minimumVersion = 1.5.0;
			};
		};
/* End XCRemoteSwiftPackageReference section */

/* Begin XCSwiftPackageProductDependency section */
		3EF0ACF82F20DC0D007C4E98 /* SafeDI */ = {
			isa = XCSwiftPackageProductDependency;
			package = 3EF0ACF72F20DC0D007C4E98 /* XCRemoteSwiftPackageReference "SafeDI" */;
			productName = SafeDI;
		};
		3EF0ACFA2F20DC0D007C4E98 /* SafeDITool */ = {
			isa = XCSwiftPackageProductDependency;
			package = 3EF0ACF72F20DC0D007C4E98 /* XCRemoteSwiftPackageReference "SafeDI" */;
			productName = SafeDITool;
		};
		3EF0ACFC2F20DC91007C4E98 /* SafeDIGenerator */ = {
			isa = XCSwiftPackageProductDependency;
			package = 3EF0ACF72F20DC0D007C4E98 /* XCRemoteSwiftPackageReference "SafeDI" */;
			productName = "plugin:SafeDIGenerator";
		};
/* End XCSwiftPackageProductDependency section */
	};
	rootObject = 3E22B9C42F13A0F700BF32A1 /* Project object */;
}
